
Microsoft Visual Studio Solution File, Format Version 12.00
# Visual Studio Version 17
VisualStudioVersion = 17.0.31903.59
MinimumVisualStudioVersion = 10.0.40219.1
Project("{9A19103F-16F7-4668-BE54-9A1E7A4F7556}") = "BookSiteProject.MVC", "BookSiteProject.MVC\BookSiteProject.MVC.csproj", "{C510FB3D-0ACC-45F5-8E51-4796F654C8D2}"
EndProject
Project("{9A19103F-16F7-4668-BE54-9A1E7A4F7556}") = "BookSiteProject.Domain", "BookSiteProject.Domain\BookSiteProject.Domain.csproj", "{DC57D4BE-9093-4E77-A7B7-2CD89B96C27B}"
EndProject
Project("{9A19103F-16F7-4668-BE54-9A1E7A4F7556}") = "BookSiteProject.Application", "BookSiteProject.Application\BookSiteProject.Application.csproj", "{36D8AD77-4ADA-401C-8A5D-681B19E4C02C}"
EndProject
Project("{9A19103F-16F7-4668-BE54-9A1E7A4F7556}") = "BookSiteProject.Infrastructure", "BookSiteProject.Infrastructure\BookSiteProject.Infrastructure.csproj", "{9BDCC752-A118-48B6-868B-51AF0A43BEEE}"
EndProject
Global
	GlobalSection(SolutionConfigurationPlatforms) = preSolution
		Debug|Any CPU = Debug|Any CPU
		Release|Any CPU = Release|Any CPU
	EndGlobalSection
	GlobalSection(ProjectConfigurationPlatforms) = postSolution
		{C510FB3D-0ACC-45F5-8E51-4796F654C8D2}.Debug|Any CPU.ActiveCfg = Debug|Any CPU
		{C510FB3D-0ACC-45F5-8E51-4796F654C8D2}.Debug|Any CPU.Build.0 = Debug|Any CPU
		{C510FB3D-0ACC-45F5-8E51-4796F654C8D2}.Release|Any CPU.ActiveCfg = Release|Any CPU
		{C510FB3D-0ACC-45F5-8E51-4796F654C8D2}.Release|Any CPU.Build.0 = Release|Any CPU
		{DC57D4BE-9093-4E77-A7B7-2CD89B96C27B}.Debug|Any CPU.ActiveCfg = Debug|Any CPU
		{DC57D4BE-9093-4E77-A7B7-2CD89B96C27B}.Debug|Any CPU.Build.0 = Debug|Any CPU
		{DC57D4BE-9093-4E77-A7B7-2CD89B96C27B}.Release|Any CPU.ActiveCfg = Release|Any CPU
		{DC57D4BE-9093-4E77-A7B7-2CD89B96C27B}.Release|Any CPU.Build.0 = Release|Any CPU
		{36D8AD77-4ADA-401C-8A5D-681B19E4C02C}.Debug|Any CPU.ActiveCfg = Debug|Any CPU
		{36D8AD77-4ADA-401C-8A5D-681B19E4C02C}.Debug|Any CPU.Build.0 = Debug|Any CPU
		{36D8AD77-4ADA-401C-8A5D-681B19E4C02C}.Release|Any CPU.ActiveCfg = Release|Any CPU
		{36D8AD77-4ADA-401C-8A5D-681B19E4C02C}.Release|Any CPU.Build.0 = Release|Any CPU
		{9BDCC752-A118-48B6-868B-51AF0A43BEEE}.Debug|Any CPU.ActiveCfg = Debug|Any CPU
		{9BDCC752-A118-48B6-868B-51AF0A43BEEE}.Debug|Any CPU.Build.0 = Debug|Any CPU
		{9BDCC752-A118-48B6-868B-51AF0A43BEEE}.Release|Any CPU.ActiveCfg = Release|Any CPU
		{9BDCC752-A118-48B6-868B-51AF0A43BEEE}.Release|Any CPU.Build.0 = Release|Any CPU
	EndGlobalSection
	GlobalSection(SolutionProperties) = preSolution
		HideSolutionNode = FALSE
	EndGlobalSection
	GlobalSection(ExtensibilityGlobals) = postSolution
		SolutionGuid = {8BBBE0A4-BD1D-414D-AACE-027C298619A3}
	EndGlobalSection
EndGlobal
